github.com/teekennedy/goldmark-markdown v0.5.1 h1:2lIlJ3AcIwaD1wFl4dflJSJFMhRTKEsEj+asVsu6M/0=
github.com/teekennedy/goldmark-markdown v0.5.1/go.mod h1:so260mNSPELuRyynZY18719dRYlD+OSnAovqsyrOMOM=
github.com/yuin/goldmark v1.7.12 h1:YwGP/rrea2/CnCtUHgjuolG/PnMxdQtPMO5PvaE2/nY=
github.com/yuin/goldmark v1.7.12/go.mod h1:ip/1k0VRfGynBgxOz0yCqHrbZXhcjxyuS66Brc7iBKg=
